
Microsoft Visual Studio Solution File, Format Version 12.00
# Visual Studio 2012
Project("{FAE04EC0-301F-11D3-BF4B-00C04F79EFBC}") = "SADProject", "SADProject\SADProject.csproj", "{C2ADC453-2FE7-41F6-8D73-FCEFD47AAE19}"
EndProject
Global
	GlobalSection(SolutionConfigurationPlatforms) = preSolution
		Debug|Any CPU = Debug|Any CPU
		Release|Any CPU = Release|Any CPU
	EndGlobalSection
	GlobalSection(ProjectConfigurationPlatforms) = postSolution
		{C2ADC453-2FE7-41F6-8D73-FCEFD47AAE19}.Debug|Any CPU.ActiveCfg = Debug|Any CPU
		{C2ADC453-2FE7-41F6-8D73-FCEFD47AAE19}.Debug|Any CPU.Build.0 = Debug|Any CPU
		{C2ADC453-2FE7-41F6-8D73-FCEFD47AAE19}.Release|Any CPU.ActiveCfg = Release|Any CPU
		{C2ADC453-2FE7-41F6-8D73-FCEFD47AAE19}.Release|Any CPU.Build.0 = Release|Any CPU
	EndGlobalSection
	GlobalSection(SolutionProperties) = preSolution
		HideSolutionNode = FALSE
	EndGlobalSection
EndGlobal
